// !$*UTF8*$!
{
	archiveVersion = 1;
	classes = {
	};
	objectVersion = 46;
	objects = {

/* Begin PBXBuildFile section */
		55DB418FCCDDA054DE612B37 /* Pods_irodori_swiftUITests.framework in Frameworks */ = {isa = PBXBuildFile; fileRef = A5F741F85ACAB4F45FB6C4F0 /* Pods_irodori_swiftUITests.framework */; };
		8A29500A0216D65F66959FAB /* Pods_irodori_swift.framework in Frameworks */ = {isa = PBXBuildFile; fileRef = 53D7D9DE209317A4440A6558 /* Pods_irodori_swift.framework */; };
		A7BD305D1CD8955F005A9515 /* AVFoundation.framework in Frameworks */ = {isa = PBXBuildFile; fileRef = A7BD305C1CD8955F005A9515 /* AVFoundation.framework */; };
		A7BD305F1CD8D412005A9515 /* PhotoSingleCollectionViewController.swift in Sources */ = {isa = PBXBuildFile; fileRef = A7BD305E1CD8D412005A9515 /* PhotoSingleCollectionViewController.swift */; };
		A7BFCCAD1CD88A7F00DFF61A /* PhotoCollectionViewController.swift in Sources */ = {isa = PBXBuildFile; fileRef = A7BFCCAC1CD88A7F00DFF61A /* PhotoCollectionViewController.swift */; };
		C9388F051BD2C8D800818C63 /* AppDelegate.swift in Sources */ = {isa = PBXBuildFile; fileRef = C9388F041BD2C8D800818C63 /* AppDelegate.swift */; };
		C9388F071BD2C8D800818C63 /* ViewController.swift in Sources */ = {isa = PBXBuildFile; fileRef = C9388F061BD2C8D800818C63 /* ViewController.swift */; };
		C9388F0A1BD2C8D800818C63 /* Main.storyboard in Resources */ = {isa = PBXBuildFile; fileRef = C9388F081BD2C8D800818C63 /* Main.storyboard */; };
		C9388F0D1BD2C8D800818C63 /* irodori_swift.xcdatamodeld in Sources */ = {isa = PBXBuildFile; fileRef = C9388F0B1BD2C8D800818C63 /* irodori_swift.xcdatamodeld */; };
		C9388F0F1BD2C8D800818C63 /* Assets.xcassets in Resources */ = {isa = PBXBuildFile; fileRef = C9388F0E1BD2C8D800818C63 /* Assets.xcassets */; };
		C9388F121BD2C8D800818C63 /* LaunchScreen.storyboard in Resources */ = {isa = PBXBuildFile; fileRef = C9388F101BD2C8D800818C63 /* LaunchScreen.storyboard */; };
		C9388F1D1BD2C8D800818C63 /* irodori_swiftTests.swift in Sources */ = {isa = PBXBuildFile; fileRef = C9388F1C1BD2C8D800818C63 /* irodori_swiftTests.swift */; };
		C9388F281BD2C8D800818C63 /* irodori_swiftUITests.swift in Sources */ = {isa = PBXBuildFile; fileRef = C9388F271BD2C8D800818C63 /* irodori_swiftUITests.swift */; };
		C9388F3A1BD2C9DD00818C63 /* GPUImageIrodoriFilter.m in Sources */ = {isa = PBXBuildFile; fileRef = C9388F391BD2C9DD00818C63 /* GPUImageIrodoriFilter.m */; };
		DCEF9BED33292327513B591E /* Pods_irodori_swiftTests.framework in Frameworks */ = {isa = PBXBuildFile; fileRef = FFF9CCA3643F71A98503917C /* Pods_irodori_swiftTests.framework */; };
/* End PBXBuildFile section */

/* Begin PBXContainerItemProxy section */
		C9388F191BD2C8D800818C63 /* PBXContainerItemProxy */ = {
			isa = PBXContainerItemProxy;
			containerPortal = C9388EF91BD2C8D800818C63 /* Project object */;
			proxyType = 1;
			remoteGlobalIDString = C9388F001BD2C8D800818C63;
			remoteInfo = "irodori-swift";
		};
		C9388F241BD2C8D800818C63 /* PBXContainerItemProxy */ = {
			isa = PBXContainerItemProxy;
			containerPortal = C9388EF91BD2C8D800818C63 /* Project object */;
			proxyType = 1;
			remoteGlobalIDString = C9388F001BD2C8D800818C63;
			remoteInfo = "irodori-swift";
		};
/* End PBXContainerItemProxy section */

/* Begin PBXFileReference section */
		3778E3F84192FE02D8B93CCB /* Pods-irodori-swift.release.xcconfig */ = {isa = PBXFileReference; includeInIndex = 1; lastKnownFileType = text.xcconfig; name = "Pods-irodori-swift.release.xcconfig"; path = "Pods/Target Support Files/Pods-irodori-swift/Pods-irodori-swift.release.xcconfig"; sourceTree = "<group>"; };
		37FAD335671170F8B6AC3637 /* Pods-irodori-swiftTests.debug.xcconfig */ = {isa = PBXFileReference; includeInIndex = 1; lastKnownFileType = text.xcconfig; name = "Pods-irodori-swiftTests.debug.xcconfig"; path = "Pods/Target Support Files/Pods-irodori-swiftTests/Pods-irodori-swiftTests.debug.xcconfig"; sourceTree = "<group>"; };
		53D7D9DE209317A4440A6558 /* Pods_irodori_swift.framework */ = {isa = PBXFileReference; explicitFileType = wrapper.framework; includeInIndex = 0; path = Pods_irodori_swift.framework; sourceTree = BUILT_PRODUCTS_DIR; };
		59317CA133C33EA895DBB3B5 /* Pods-irodori-swiftUITests.release.xcconfig */ = {isa = PBXFileReference; includeInIndex = 1; lastKnownFileType = text.xcconfig; name = "Pods-irodori-swiftUITests.release.xcconfig"; path = "Pods/Target Support Files/Pods-irodori-swiftUITests/Pods-irodori-swiftUITests.release.xcconfig"; sourceTree = "<group>"; };
		A5F741F85ACAB4F45FB6C4F0 /* Pods_irodori_swiftUITests.framework */ = {isa = PBXFileReference; explicitFileType = wrapper.framework; includeInIndex = 0; path = Pods_irodori_swiftUITests.framework; sourceTree = BUILT_PRODUCTS_DIR; };
		A7BD305C1CD8955F005A9515 /* AVFoundation.framework */ = {isa = PBXFileReference; lastKnownFileType = wrapper.framework; name = AVFoundation.framework; path = System/Library/Frameworks/AVFoundation.framework; sourceTree = SDKROOT; };
		A7BD305E1CD8D412005A9515 /* PhotoSingleCollectionViewController.swift */ = {isa = PBXFileReference; fileEncoding = 4; lastKnownFileType = sourcecode.swift; path = PhotoSingleCollectionViewController.swift; sourceTree = "<group>"; };
		A7BFCCAC1CD88A7F00DFF61A /* PhotoCollectionViewController.swift */ = {isa = PBXFileReference; fileEncoding = 4; lastKnownFileType = sourcecode.swift; path = PhotoCollectionViewController.swift; sourceTree = "<group>"; };
		C9388F011BD2C8D800818C63 /* irodori-swift.app */ = {isa = PBXFileReference; explicitFileType = wrapper.application; includeInIndex = 0; path = "irodori-swift.app"; sourceTree = BUILT_PRODUCTS_DIR; };
		C9388F041BD2C8D800818C63 /* AppDelegate.swift */ = {isa = PBXFileReference; lastKnownFileType = sourcecode.swift; path = AppDelegate.swift; sourceTree = "<group>"; };
		C9388F061BD2C8D800818C63 /* ViewController.swift */ = {isa = PBXFileReference; lastKnownFileType = sourcecode.swift; path = ViewController.swift; sourceTree = "<group>"; };
		C9388F091BD2C8D800818C63 /* Base */ = {isa = PBXFileReference; lastKnownFileType = file.storyboard; name = Base; path = Base.lproj/Main.storyboard; sourceTree = "<group>"; };
		C9388F0C1BD2C8D800818C63 /* irodori_swift.xcdatamodel */ = {isa = PBXFileReference; lastKnownFileType = wrapper.xcdatamodel; path = irodori_swift.xcdatamodel; sourceTree = "<group>"; };
		C9388F0E1BD2C8D800818C63 /* Assets.xcassets */ = {isa = PBXFileReference; lastKnownFileType = folder.assetcatalog; path = Assets.xcassets; sourceTree = "<group>"; };
		C9388F111BD2C8D800818C63 /* Base */ = {isa = PBXFileReference; lastKnownFileType = file.storyboard; name = Base; path = Base.lproj/LaunchScreen.storyboard; sourceTree = "<group>"; };
		C9388F131BD2C8D800818C63 /* Info.plist */ = {isa = PBXFileReference; lastKnownFileType = text.plist.xml; path = Info.plist; sourceTree = "<group>"; };
		C9388F181BD2C8D800818C63 /* irodori-swiftTests.xctest */ = {isa = PBXFileReference; explicitFileType = wrapper.cfbundle; includeInIndex = 0; path = "irodori-swiftTests.xctest"; sourceTree = BUILT_PRODUCTS_DIR; };
		C9388F1C1BD2C8D800818C63 /* irodori_swiftTests.swift */ = {isa = PBXFileReference; lastKnownFileType = sourcecode.swift; path = irodori_swiftTests.swift; sourceTree = "<group>"; };
		C9388F1E1BD2C8D800818C63 /* Info.plist */ = {isa = PBXFileReference; lastKnownFileType = text.plist.xml; path = Info.plist; sourceTree = "<group>"; };
		C9388F231BD2C8D800818C63 /* irodori-swiftUITests.xctest */ = {isa = PBXFileReference; explicitFileType = wrapper.cfbundle; includeInIndex = 0; path = "irodori-swiftUITests.xctest"; sourceTree = BUILT_PRODUCTS_DIR; };
		C9388F271BD2C8D800818C63 /* irodori_swiftUITests.swift */ = {isa = PBXFileReference; lastKnownFileType = sourcecode.swift; path = irodori_swiftUITests.swift; sourceTree = "<group>"; };
		C9388F291BD2C8D800818C63 /* Info.plist */ = {isa = PBXFileReference; lastKnownFileType = text.plist.xml; path = Info.plist; sourceTree = "<group>"; };
		C9388F351BD2C9A400818C63 /* irodori-swift-Bridging-Header.h */ = {isa = PBXFileReference; lastKnownFileType = sourcecode.c.h; path = "irodori-swift-Bridging-Header.h"; sourceTree = "<group>"; };
		C9388F381BD2C9DD00818C63 /* GPUImageIrodoriFilter.h */ = {isa = PBXFileReference; fileEncoding = 4; lastKnownFileType = sourcecode.c.h; path = GPUImageIrodoriFilter.h; sourceTree = "<group>"; };
		C9388F391BD2C9DD00818C63 /* GPUImageIrodoriFilter.m */ = {isa = PBXFileReference; fileEncoding = 4; lastKnownFileType = sourcecode.c.objc; path = GPUImageIrodoriFilter.m; sourceTree = "<group>"; };
		D0E48CB7262801AD8D9E3A59 /* Pods-irodori-swiftUITests.debug.xcconfig */ = {isa = PBXFileReference; includeInIndex = 1; lastKnownFileType = text.xcconfig; name = "Pods-irodori-swiftUITests.debug.xcconfig"; path = "Pods/Target Support Files/Pods-irodori-swiftUITests/Pods-irodori-swiftUITests.debug.xcconfig"; sourceTree = "<group>"; };
		DBA9E274A4A581B46C5E5522 /* Pods-irodori-swiftTests.release.xcconfig */ = {isa = PBXFileReference; includeInIndex = 1; lastKnownFileType = text.xcconfig; name = "Pods-irodori-swiftTests.release.xcconfig"; path = "Pods/Target Support Files/Pods-irodori-swiftTests/Pods-irodori-swiftTests.release.xcconfig"; sourceTree = "<group>"; };
		F55092F681FC4397D3FB634F /* Pods-irodori-swift.debug.xcconfig */ = {isa = PBXFileReference; includeInIndex = 1; lastKnownFileType = text.xcconfig; name = "Pods-irodori-swift.debug.xcconfig"; path = "Pods/Target Support Files/Pods-irodori-swift/Pods-irodori-swift.debug.xcconfig"; sourceTree = "<group>"; };
		FFF9CCA3643F71A98503917C /* Pods_irodori_swiftTests.framework */ = {isa = PBXFileReference; explicitFileType = wrapper.framework; includeInIndex = 0; path = Pods_irodori_swiftTests.framework; sourceTree = BUILT_PRODUCTS_DIR; };
/* End PBXFileReference section */

/* Begin PBXFrameworksBuildPhase section */
		C9388EFE1BD2C8D800818C63 /* Frameworks */ = {
			isa = PBXFrameworksBuildPhase;
			buildActionMask = 2147483647;
			files = (
				A7BD305D1CD8955F005A9515 /* AVFoundation.framework in Frameworks */,
				8A29500A0216D65F66959FAB /* Pods_irodori_swift.framework in Frameworks */,
			);
			runOnlyForDeploymentPostprocessing = 0;
		};
		C9388F151BD2C8D800818C63 /* Frameworks */ = {
			isa = PBXFrameworksBuildPhase;
			buildActionMask = 2147483647;
			files = (
				DCEF9BED33292327513B591E /* Pods_irodori_swiftTests.framework in Frameworks */,
			);
			runOnlyForDeploymentPostprocessing = 0;
		};
		C9388F201BD2C8D800818C63 /* Frameworks */ = {
			isa = PBXFrameworksBuildPhase;
			buildActionMask = 2147483647;
			files = (
				55DB418FCCDDA054DE612B37 /* Pods_irodori_swiftUITests.framework in Frameworks */,
			);
			runOnlyForDeploymentPostprocessing = 0;
		};
/* End PBXFrameworksBuildPhase section */

/* Begin PBXGroup section */
		AEEC46954086796C1ED58098 /* Pods */ = {
			isa = PBXGroup;
			children = (
				F55092F681FC4397D3FB634F /* Pods-irodori-swift.debug.xcconfig */,
				3778E3F84192FE02D8B93CCB /* Pods-irodori-swift.release.xcconfig */,
				37FAD335671170F8B6AC3637 /* Pods-irodori-swiftTests.debug.xcconfig */,
				DBA9E274A4A581B46C5E5522 /* Pods-irodori-swiftTests.release.xcconfig */,
				D0E48CB7262801AD8D9E3A59 /* Pods-irodori-swiftUITests.debug.xcconfig */,
				59317CA133C33EA895DBB3B5 /* Pods-irodori-swiftUITests.release.xcconfig */,
			);
			name = Pods;
			sourceTree = "<group>";
		};
		C9388EF81BD2C8D800818C63 = {
			isa = PBXGroup;
			children = (
				C9388F031BD2C8D800818C63 /* irodori-swift */,
				C9388F1B1BD2C8D800818C63 /* irodori-swiftTests */,
				C9388F261BD2C8D800818C63 /* irodori-swiftUITests */,
				C9388F021BD2C8D800818C63 /* Products */,
				D8DCE3E2B5C80BF78FC7F815 /* Frameworks */,
				AEEC46954086796C1ED58098 /* Pods */,
			);
			sourceTree = "<group>";
		};
		C9388F021BD2C8D800818C63 /* Products */ = {
			isa = PBXGroup;
			children = (
				C9388F011BD2C8D800818C63 /* irodori-swift.app */,
				C9388F181BD2C8D800818C63 /* irodori-swiftTests.xctest */,
				C9388F231BD2C8D800818C63 /* irodori-swiftUITests.xctest */,
			);
			name = Products;
			sourceTree = "<group>";
		};
		C9388F031BD2C8D800818C63 /* irodori-swift */ = {
			isa = PBXGroup;
			children = (
				C9388F381BD2C9DD00818C63 /* GPUImageIrodoriFilter.h */,
				C9388F391BD2C9DD00818C63 /* GPUImageIrodoriFilter.m */,
				C9388F041BD2C8D800818C63 /* AppDelegate.swift */,
				C9388F061BD2C8D800818C63 /* ViewController.swift */,
				A7BFCCAC1CD88A7F00DFF61A /* PhotoCollectionViewController.swift */,
				A7BD305E1CD8D412005A9515 /* PhotoSingleCollectionViewController.swift */,
				C9388F081BD2C8D800818C63 /* Main.storyboard */,
				C9388F0E1BD2C8D800818C63 /* Assets.xcassets */,
				C9388F101BD2C8D800818C63 /* LaunchScreen.storyboard */,
				C9388F131BD2C8D800818C63 /* Info.plist */,
				C9388F0B1BD2C8D800818C63 /* irodori_swift.xcdatamodeld */,
				C9388F351BD2C9A400818C63 /* irodori-swift-Bridging-Header.h */,
			);
			path = "irodori-swift";
			sourceTree = "<group>";
		};
		C9388F1B1BD2C8D800818C63 /* irodori-swiftTests */ = {
			isa = PBXGroup;
			children = (
				C9388F1C1BD2C8D800818C63 /* irodori_swiftTests.swift */,
				C9388F1E1BD2C8D800818C63 /* Info.plist */,
			);
			path = "irodori-swiftTests";
			sourceTree = "<group>";
		};
		C9388F261BD2C8D800818C63 /* irodori-swiftUITests */ = {
			isa = PBXGroup;
			children = (
				C9388F271BD2C8D800818C63 /* irodori_swiftUITests.swift */,
				C9388F291BD2C8D800818C63 /* Info.plist */,
			);
			path = "irodori-swiftUITests";
			sourceTree = "<group>";
		};
		D8DCE3E2B5C80BF78FC7F815 /* Frameworks */ = {
			isa = PBXGroup;
			children = (
				A7BD305C1CD8955F005A9515 /* AVFoundation.framework */,
				53D7D9DE209317A4440A6558 /* Pods_irodori_swift.framework */,
				FFF9CCA3643F71A98503917C /* Pods_irodori_swiftTests.framework */,
				A5F741F85ACAB4F45FB6C4F0 /* Pods_irodori_swiftUITests.framework */,
			);
			name = Frameworks;
			sourceTree = "<group>";
		};
/* End PBXGroup section */

/* Begin PBXNativeTarget section */
		C9388F001BD2C8D800818C63 /* irodori-swift */ = {
			isa = PBXNativeTarget;
			buildConfigurationList = C9388F2C1BD2C8D800818C63 /* Build configuration list for PBXNativeTarget "irodori-swift" */;
			buildPhases = (
				7F1F6F4535262C3A7623A42D /* 📦 Check Pods Manifest.lock */,
				C9388EFD1BD2C8D800818C63 /* Sources */,
				C9388EFE1BD2C8D800818C63 /* Frameworks */,
				C9388EFF1BD2C8D800818C63 /* Resources */,
				2A4338DEAAAF8474A04DDF10 /* 📦 Embed Pods Frameworks */,
				FAED911B9B18A341CEEC58A9 /* 📦 Copy Pods Resources */,
			);
			buildRules = (
			);
			dependencies = (
			);
			name = "irodori-swift";
			productName = "irodori-swift";
			productReference = C9388F011BD2C8D800818C63 /* irodori-swift.app */;
			productType = "com.apple.product-type.application";
		};
		C9388F171BD2C8D800818C63 /* irodori-swiftTests */ = {
			isa = PBXNativeTarget;
			buildConfigurationList = C9388F2F1BD2C8D800818C63 /* Build configuration list for PBXNativeTarget "irodori-swiftTests" */;
			buildPhases = (
				583870E363FB592C8D2FFACB /* 📦 Check Pods Manifest.lock */,
				C9388F141BD2C8D800818C63 /* Sources */,
				C9388F151BD2C8D800818C63 /* Frameworks */,
				C9388F161BD2C8D800818C63 /* Resources */,
				D4BEC5E9E3E3FC6AE746C8F9 /* 📦 Embed Pods Frameworks */,
				7627341BCAD76F6ADA4498FC /* 📦 Copy Pods Resources */,
			);
			buildRules = (
			);
			dependencies = (
				C9388F1A1BD2C8D800818C63 /* PBXTargetDependency */,
			);
			name = "irodori-swiftTests";
			productName = "irodori-swiftTests";
			productReference = C9388F181BD2C8D800818C63 /* irodori-swiftTests.xctest */;
			productType = "com.apple.product-type.bundle.unit-test";
		};
		C9388F221BD2C8D800818C63 /* irodori-swiftUITests */ = {
			isa = PBXNativeTarget;
			buildConfigurationList = C9388F321BD2C8D800818C63 /* Build configuration list for PBXNativeTarget "irodori-swiftUITests" */;
			buildPhases = (
				AB925B8B984E60070831B856 /* 📦 Check Pods Manifest.lock */,
				C9388F1F1BD2C8D800818C63 /* Sources */,
				C9388F201BD2C8D800818C63 /* Frameworks */,
				C9388F211BD2C8D800818C63 /* Resources */,
				0AE72900C6C9C9AE20089773 /* 📦 Copy Pods Resources */,
			);
			buildRules = (
			);
			dependencies = (
				C9388F251BD2C8D800818C63 /* PBXTargetDependency */,
			);
			name = "irodori-swiftUITests";
			productName = "irodori-swiftUITests";
			productReference = C9388F231BD2C8D800818C63 /* irodori-swiftUITests.xctest */;
			productType = "com.apple.product-type.bundle.ui-testing";
		};
/* End PBXNativeTarget section */

/* Begin PBXProject section */
		C9388EF91BD2C8D800818C63 /* Project object */ = {
			isa = PBXProject;
			attributes = {
				LastSwiftUpdateCheck = 0700;
				LastUpgradeCheck = 0700;
				ORGANIZATIONNAME = chabolab;
				TargetAttributes = {
					C9388F001BD2C8D800818C63 = {
						CreatedOnToolsVersion = 7.0;
						DevelopmentTeam = M7NNTKHBVW;
					};
					C9388F171BD2C8D800818C63 = {
						CreatedOnToolsVersion = 7.0;
						DevelopmentTeam = 2M3Z75H5HZ;
						TestTargetID = C9388F001BD2C8D800818C63;
					};
					C9388F221BD2C8D800818C63 = {
						CreatedOnToolsVersion = 7.0;
						DevelopmentTeam = 2M3Z75H5HZ;
						TestTargetID = C9388F001BD2C8D800818C63;
					};
				};
			};
			buildConfigurationList = C9388EFC1BD2C8D800818C63 /* Build configuration list for PBXProject "irodori-swift" */;
			compatibilityVersion = "Xcode 3.2";
			developmentRegion = English;
			hasScannedForEncodings = 0;
			knownRegions = (
				en,
				Base,
			);
			mainGroup = C9388EF81BD2C8D800818C63;
			productRefGroup = C9388F021BD2C8D800818C63 /* Products */;
			projectDirPath = "";
			projectRoot = "";
			targets = (
				C9388F001BD2C8D800818C63 /* irodori-swift */,
				C9388F171BD2C8D800818C63 /* irodori-swiftTests */,
				C9388F221BD2C8D800818C63 /* irodori-swiftUITests */,
			);
		};
/* End PBXProject section */

/* Begin PBXResourcesBuildPhase section */
		C9388EFF1BD2C8D800818C63 /* Resources */ = {
			isa = PBXResourcesBuildPhase;
			buildActionMask = 2147483647;
			files = (
				C9388F121BD2C8D800818C63 /* LaunchScreen.storyboard in Resources */,
				C9388F0F1BD2C8D800818C63 /* Assets.xcassets in Resources */,
				C9388F0A1BD2C8D800818C63 /* Main.storyboard in Resources */,
			);
			runOnlyForDeploymentPostprocessing = 0;
		};
		C9388F161BD2C8D800818C63 /* Resources */ = {
			isa = PBXResourcesBuildPhase;
			buildActionMask = 2147483647;
			files = (
			);
			runOnlyForDeploymentPostprocessing = 0;
		};
		C9388F211BD2C8D800818C63 /* Resources */ = {
			isa = PBXResourcesBuildPhase;
			buildActionMask = 2147483647;
			files = (
			);
			runOnlyForDeploymentPostprocessing = 0;
		};
/* End PBXResourcesBuildPhase section */

/* Begin PBXShellScriptBuildPhase section */
		0AE72900C6C9C9AE20089773 /* 📦 Copy Pods Resources */ = {
			isa = PBXShellScriptBuildPhase;
			buildActionMask = 2147483647;
			files = (
			);
			inputPaths = (
			);
			name = "📦 Copy Pods Resources";
			outputPaths = (
			);
			runOnlyForDeploymentPostprocessing = 0;
			shellPath = /bin/sh;
			shellScript = "\"${SRCROOT}/Pods/Target Support Files/Pods-irodori-swiftUITests/Pods-irodori-swiftUITests-resources.sh\"\n";
			showEnvVarsInLog = 0;
		};
		2A4338DEAAAF8474A04DDF10 /* 📦 Embed Pods Frameworks */ = {
			isa = PBXShellScriptBuildPhase;
			buildActionMask = 2147483647;
			files = (
			);
			inputPaths = (
			);
			name = "📦 Embed Pods Frameworks";
			outputPaths = (
			);
			runOnlyForDeploymentPostprocessing = 0;
			shellPath = /bin/sh;
			shellScript = "\"${SRCROOT}/Pods/Target Support Files/Pods-irodori-swift/Pods-irodori-swift-frameworks.sh\"\n";
			showEnvVarsInLog = 0;
		};
		583870E363FB592C8D2FFACB /* 📦 Check Pods Manifest.lock */ = {
			isa = PBXShellScriptBuildPhase;
			buildActionMask = 2147483647;
			files = (
			);
			inputPaths = (
			);
			name = "📦 Check Pods Manifest.lock";
			outputPaths = (
			);
			runOnlyForDeploymentPostprocessing = 0;
			shellPath = /bin/sh;
			shellScript = "diff \"${PODS_ROOT}/../Podfile.lock\" \"${PODS_ROOT}/Manifest.lock\" > /dev/null\nif [[ $? != 0 ]] ; then\n    cat << EOM\nerror: The sandbox is not in sync with the Podfile.lock. Run 'pod install' or update your CocoaPods installation.\nEOM\n    exit 1\nfi\n";
			showEnvVarsInLog = 0;
		};
		7627341BCAD76F6ADA4498FC /* 📦 Copy Pods Resources */ = {
			isa = PBXShellScriptBuildPhase;
			buildActionMask = 2147483647;
			files = (
			);
			inputPaths = (
			);
			name = "📦 Copy Pods Resources";
			outputPaths = (
			);
			runOnlyForDeploymentPostprocessing = 0;
			shellPath = /bin/sh;
			shellScript = "\"${SRCROOT}/Pods/Target Support Files/Pods-irodori-swiftTests/Pods-irodori-swiftTests-resources.sh\"\n";
			showEnvVarsInLog = 0;
		};
		7F1F6F4535262C3A7623A42D /* 📦 Check Pods Manifest.lock */ = {
			isa = PBXShellScriptBuildPhase;
			buildActionMask = 2147483647;
			files = (
			);
			inputPaths = (
			);
			name = "📦 Check Pods Manifest.lock";
			outputPaths = (
			);
			runOnlyForDeploymentPostprocessing = 0;
			shellPath = /bin/sh;
			shellScript = "diff \"${PODS_ROOT}/../Podfile.lock\" \"${PODS_ROOT}/Manifest.lock\" > /dev/null\nif [[ $? != 0 ]] ; then\n    cat << EOM\nerror: The sandbox is not in sync with the Podfile.lock. Run 'pod install' or update your CocoaPods installation.\nEOM\n    exit 1\nfi\n";
			showEnvVarsInLog = 0;
		};
		AB925B8B984E60070831B856 /* 📦 Check Pods Manifest.lock */ = {
			isa = PBXShellScriptBuildPhase;
			buildActionMask = 2147483647;
			files = (
			);
			inputPaths = (
			);
			name = "📦 Check Pods Manifest.lock";
			outputPaths = (
			);
			runOnlyForDeploymentPostprocessing = 0;
			shellPath = /bin/sh;
			shellScript = "diff \"${PODS_ROOT}/../Podfile.lock\" \"${PODS_ROOT}/Manifest.lock\" > /dev/null\nif [[ $? != 0 ]] ; then\n    cat << EOM\nerror: The sandbox is not in sync with the Podfile.lock. Run 'pod install' or update your CocoaPods installation.\nEOM\n    exit 1\nfi\n";
			showEnvVarsInLog = 0;
		};
		D4BEC5E9E3E3FC6AE746C8F9 /* 📦 Embed Pods Frameworks */ = {
			isa = PBXShellScriptBuildPhase;
			buildActionMask = 2147483647;
			files = (
			);
			inputPaths = (
			);
			name = "📦 Embed Pods Frameworks";
			outputPaths = (
			);
			runOnlyForDeploymentPostprocessing = 0;
			shellPath = /bin/sh;
			shellScript = "\"${SRCROOT}/Pods/Target Support Files/Pods-irodori-swiftTests/Pods-irodori-swiftTests-frameworks.sh\"\n";
			showEnvVarsInLog = 0;
		};
		FAED911B9B18A341CEEC58A9 /* 📦 Copy Pods Resources */ = {
			isa = PBXShellScriptBuildPhase;
			buildActionMask = 2147483647;
			files = (
			);
			inputPaths = (
			);
			name = "📦 Copy Pods Resources";
			outputPaths = (
			);
			runOnlyForDeploymentPostprocessing = 0;
			shellPath = /bin/sh;
			shellScript = "\"${SRCROOT}/Pods/Target Support Files/Pods-irodori-swift/Pods-irodori-swift-resources.sh\"\n";
			showEnvVarsInLog = 0;
		};
/* End PBXShellScriptBuildPhase section */

/* Begin PBXSourcesBuildPhase section */
		C9388EFD1BD2C8D800818C63 /* Sources */ = {
			isa = PBXSourcesBuildPhase;
			buildActionMask = 2147483647;
			files = (
				A7BFCCAD1CD88A7F00DFF61A /* PhotoCollectionViewController.swift in Sources */,
				A7BD305F1CD8D412005A9515 /* PhotoSingleCollectionViewController.swift in Sources */,
				C9388F071BD2C8D800818C63 /* ViewController.swift in Sources */,
				C9388F051BD2C8D800818C63 /* AppDelegate.swift in Sources */,
				C9388F0D1BD2C8D800818C63 /* irodori_swift.xcdatamodeld in Sources */,
				C9388F3A1BD2C9DD00818C63 /* GPUImageIrodoriFilter.m in Sources */,
			);
			runOnlyForDeploymentPostprocessing = 0;
		};
		C9388F141BD2C8D800818C63 /* Sources */ = {
			isa = PBXSourcesBuildPhase;
			buildActionMask = 2147483647;
			files = (
				C9388F1D1BD2C8D800818C63 /* irodori_swiftTests.swift in Sources */,
			);
			runOnlyForDeploymentPostprocessing = 0;
		};
		C9388F1F1BD2C8D800818C63 /* Sources */ = {
			isa = PBXSourcesBuildPhase;
			buildActionMask = 2147483647;
			files = (
				C9388F281BD2C8D800818C63 /* irodori_swiftUITests.swift in Sources */,
			);
			runOnlyForDeploymentPostprocessing = 0;
		};
/* End PBXSourcesBuildPhase section */

/* Begin PBXTargetDependency section */
		C9388F1A1BD2C8D800818C63 /* PBXTargetDependency */ = {
			isa = PBXTargetDependency;
			target = C9388F001BD2C8D800818C63 /* irodori-swift */;
			targetProxy = C9388F191BD2C8D800818C63 /* PBXContainerItemProxy */;
		};
		C9388F251BD2C8D800818C63 /* PBXTargetDependency */ = {
			isa = PBXTargetDependency;
			target = C9388F001BD2C8D800818C63 /* irodori-swift */;
			targetProxy = C9388F241BD2C8D800818C63 /* PBXContainerItemProxy */;
		};
/* End PBXTargetDependency section */

/* Begin PBXVariantGroup section */
		C9388F081BD2C8D800818C63 /* Main.storyboard */ = {
			isa = PBXVariantGroup;
			children = (
				C9388F091BD2C8D800818C63 /* Base */,
			);
			name = Main.storyboard;
			sourceTree = "<group>";
		};
		C9388F101BD2C8D800818C63 /* LaunchScreen.storyboard */ = {
			isa = PBXVariantGroup;
			children = (
				C9388F111BD2C8D800818C63 /* Base */,
			);
			name = LaunchScreen.storyboard;
			sourceTree = "<group>";
		};
/* End PBXVariantGroup section */

/* Begin XCBuildConfiguration section */
		C9388F2A1BD2C8D800818C63 /* Debug */ = {
			isa = XCBuildConfiguration;
			buildSettings = {
				ALWAYS_SEARCH_USER_PATHS = NO;
				CLANG_CXX_LANGUAGE_STANDARD = "gnu++0x";
				CLANG_CXX_LIBRARY = "libc++";
				CLANG_ENABLE_MODULES = YES;
				CLANG_ENABLE_OBJC_ARC = YES;
				CLANG_WARN_BOOL_CONVERSION = YES;
				CLANG_WARN_CONSTANT_CONVERSION = YES;
				CLANG_WARN_DIRECT_OBJC_ISA_USAGE = YES_ERROR;
				CLANG_WARN_EMPTY_BODY = YES;
				CLANG_WARN_ENUM_CONVERSION = YES;
				CLANG_WARN_INT_CONVERSION = YES;
				CLANG_WARN_OBJC_ROOT_CLASS = YES_ERROR;
				CLANG_WARN_UNREACHABLE_CODE = YES;
				CLANG_WARN__DUPLICATE_METHOD_MATCH = YES;
				"CODE_SIGN_IDENTITY[sdk=iphoneos*]" = "iPhone Developer";
				COPY_PHASE_STRIP = NO;
				DEBUG_INFORMATION_FORMAT = dwarf;
				ENABLE_STRICT_OBJC_MSGSEND = YES;
				ENABLE_TESTABILITY = YES;
				GCC_C_LANGUAGE_STANDARD = gnu99;
				GCC_DYNAMIC_NO_PIC = NO;
				GCC_NO_COMMON_BLOCKS = YES;
				GCC_OPTIMIZATION_LEVEL = 0;
				GCC_PREPROCESSOR_DEFINITIONS = (
					"DEBUG=1",
					"$(inherited)",
				);
				GCC_WARN_64_TO_32_BIT_CONVERSION = YES;
				GCC_WARN_ABOUT_RETURN_TYPE = YES_ERROR;
				GCC_WARN_UNDECLARED_SELECTOR = YES;
				GCC_WARN_UNINITIALIZED_AUTOS = YES_AGGRESSIVE;
				GCC_WARN_UNUSED_FUNCTION = YES;
				GCC_WARN_UNUSED_VARIABLE = YES;
				IPHONEOS_DEPLOYMENT_TARGET = 9.0;
				MTL_ENABLE_DEBUG_INFO = YES;
				ONLY_ACTIVE_ARCH = YES;
				SDKROOT = iphoneos;
				SWIFT_OPTIMIZATION_LEVEL = "-Onone";
				TARGETED_DEVICE_FAMILY = "1,2";
			};
			name = Debug;
		};
		C9388F2B1BD2C8D800818C63 /* Release */ = {
			isa = XCBuildConfiguration;
			buildSettings = {
				ALWAYS_SEARCH_USER_PATHS = NO;
				CLANG_CXX_LANGUAGE_STANDARD = "gnu++0x";
				CLANG_CXX_LIBRARY = "libc++";
				CLANG_ENABLE_MODULES = YES;
				CLANG_ENABLE_OBJC_ARC = YES;
				CLANG_WARN_BOOL_CONVERSION = YES;
				CLANG_WARN_CONSTANT_CONVERSION = YES;
				CLANG_WARN_DIRECT_OBJC_ISA_USAGE = YES_ERROR;
				CLANG_WARN_EMPTY_BODY = YES;
				CLANG_WARN_ENUM_CONVERSION = YES;
				CLANG_WARN_INT_CONVERSION = YES;
				CLANG_WARN_OBJC_ROOT_CLASS = YES_ERROR;
				CLANG_WARN_UNREACHABLE_CODE = YES;
				CLANG_WARN__DUPLICATE_METHOD_MATCH = YES;
				"CODE_SIGN_IDENTITY[sdk=iphoneos*]" = "iPhone Developer";
				COPY_PHASE_STRIP = NO;
				DEBUG_INFORMATION_FORMAT = "dwarf-with-dsym";
				ENABLE_NS_ASSERTIONS = NO;
				ENABLE_STRICT_OBJC_MSGSEND = YES;
				GCC_C_LANGUAGE_STANDARD = gnu99;
				GCC_NO_COMMON_BLOCKS = YES;
				GCC_WARN_64_TO_32_BIT_CONVERSION = YES;
				GCC_WARN_ABOUT_RETURN_TYPE = YES_ERROR;
				GCC_WARN_UNDECLARED_SELECTOR = YES;
				GCC_WARN_UNINITIALIZED_AUTOS = YES_AGGRESSIVE;
				GCC_WARN_UNUSED_FUNCTION = YES;
				GCC_WARN_UNUSED_VARIABLE = YES;
				IPHONEOS_DEPLOYMENT_TARGET = 9.0;
				MTL_ENABLE_DEBUG_INFO = NO;
				SDKROOT = iphoneos;
				TARGETED_DEVICE_FAMILY = "1,2";
				VALIDATE_PRODUCT = YES;
			};
			name = Release;
		};
		C9388F2D1BD2C8D800818C63 /* Debug */ = {
			isa = XCBuildConfiguration;
			baseConfigurationReference = F55092F681FC4397D3FB634F /* Pods-irodori-swift.debug.xcconfig */;
			buildSettings = {
				ASSETCATALOG_COMPILER_APPICON_NAME = AppIcon;
				CLANG_ENABLE_MODULES = YES;
				CODE_SIGN_IDENTITY = "iPhone Developer";
				"CODE_SIGN_IDENTITY[sdk=iphoneos*]" = "iPhone Developer";
				INFOPLIST_FILE = "irodori-swift/Info.plist";
				LD_RUNPATH_SEARCH_PATHS = "$(inherited) @executable_path/Frameworks";
				PRODUCT_BUNDLE_IDENTIFIER = "com.chabolab.irodori-swift";
				PRODUCT_NAME = "$(TARGET_NAME)";
				PROVISIONING_PROFILE = "";
				SWIFT_OBJC_BRIDGING_HEADER = "irodori-swift/irodori-swift-Bridging-Header.h";
				SWIFT_OPTIMIZATION_LEVEL = "-Onone";
			};
			name = Debug;
		};
		C9388F2E1BD2C8D800818C63 /* Release */ = {
			isa = XCBuildConfiguration;
			baseConfigurationReference = 3778E3F84192FE02D8B93CCB /* Pods-irodori-swift.release.xcconfig */;
			buildSettings = {
				ASSETCATALOG_COMPILER_APPICON_NAME = AppIcon;
				CLANG_ENABLE_MODULES = YES;
				CODE_SIGN_IDENTITY = "iPhone Developer";
				"CODE_SIGN_IDENTITY[sdk=iphoneos*]" = "iPhone Developer";
				INFOPLIST_FILE = "irodori-swift/Info.plist";
				LD_RUNPATH_SEARCH_PATHS = "$(inherited) @executable_path/Frameworks";
				PRODUCT_BUNDLE_IDENTIFIER = "com.chabolab.irodori-swift";
				PRODUCT_NAME = "$(TARGET_NAME)";
				PROVISIONING_PROFILE = "";
				SWIFT_OBJC_BRIDGING_HEADER = "irodori-swift/irodori-swift-Bridging-Header.h";
			};
			name = Release;
		};
		C9388F301BD2C8D800818C63 /* Debug */ = {
			isa = XCBuildConfiguration;
			baseConfigurationReference = 37FAD335671170F8B6AC3637 /* Pods-irodori-swiftTests.debug.xcconfig */;
			buildSettings = {
				BUNDLE_LOADER = "$(TEST_HOST)";
				INFOPLIST_FILE = "irodori-swiftTests/Info.plist";
				LD_RUNPATH_SEARCH_PATHS = "$(inherited) @executable_path/Frameworks @loader_path/Frameworks";
				PRODUCT_BUNDLE_IDENTIFIER = "com.chabolab.irodori-swiftTests";
				PRODUCT_NAME = "$(TARGET_NAME)";
				TEST_HOST = "$(BUILT_PRODUCTS_DIR)/irodori-swift.app/irodori-swift";
			};
			name = Debug;
		};
		C9388F311BD2C8D800818C63 /* Release */ = {
			isa = XCBuildConfiguration;
			baseConfigurationReference = DBA9E274A4A581B46C5E5522 /* Pods-irodori-swiftTests.release.xcconfig */;
			buildSettings = {
				BUNDLE_LOADER = "$(TEST_HOST)";
				INFOPLIST_FILE = "irodori-swiftTests/Info.plist";
				LD_RUNPATH_SEARCH_PATHS = "$(inherited) @executable_path/Frameworks @loader_path/Frameworks";
				PRODUCT_BUNDLE_IDENTIFIER = "com.chabolab.irodori-swiftTests";
				PRODUCT_NAME = "$(TARGET_NAME)";
				TEST_HOST = "$(BUILT_PRODUCTS_DIR)/irodori-swift.app/irodori-swift";
			};
			name = Release;
		};
		C9388F331BD2C8D800818C63 /* Debug */ = {
			isa = XCBuildConfiguration;
			baseConfigurationReference = D0E48CB7262801AD8D9E3A59 /* Pods-irodori-swiftUITests.debug.xcconfig */;
			buildSettings = {
				INFOPLIST_FILE = "irodori-swiftUITests/Info.plist";
				LD_RUNPATH_SEARCH_PATHS = "$(inherited) @executable_path/Frameworks @loader_path/Frameworks";
				PRODUCT_BUNDLE_IDENTIFIER = "com.chabolab.irodori-swiftUITests";
				PRODUCT_NAME = "$(TARGET_NAME)";
				TEST_TARGET_NAME = "irodori-swift";
				USES_XCTRUNNER = YES;
			};
			name = Debug;
		};
		C9388F341BD2C8D800818C63 /* Release */ = {
			isa = XCBuildConfiguration;
			baseConfigurationReference = 59317CA133C33EA895DBB3B5 /* Pods-irodori-swiftUITests.release.xcconfig */;
			buildSettings = {
				INFOPLIST_FILE = "irodori-swiftUITests/Info.plist";
				LD_RUNPATH_SEARCH_PATHS = "$(inherited) @executable_path/Frameworks @loader_path/Frameworks";
				PRODUCT_BUNDLE_IDENTIFIER = "com.chabolab.irodori-swiftUITests";
				PRODUCT_NAME = "$(TARGET_NAME)";
				TEST_TARGET_NAME = "irodori-swift";
				USES_XCTRUNNER = YES;
			};
			name = Release;
		};
/* End XCBuildConfiguration section */

/* Begin XCConfigurationList section */
		C9388EFC1BD2C8D800818C63 /* Build configuration list for PBXProject "irodori-swift" */ = {
			isa = XCConfigurationList;
			buildConfigurations = (
				C9388F2A1BD2C8D800818C63 /* Debug */,
				C9388F2B1BD2C8D800818C63 /* Release */,
			);
			defaultConfigurationIsVisible = 0;
			defaultConfigurationName = Release;
		};
		C9388F2C1BD2C8D800818C63 /* Build configuration list for PBXNativeTarget "irodori-swift" */ = {
			isa = XCConfigurationList;
			buildConfigurations = (
				C9388F2D1BD2C8D800818C63 /* Debug */,
				C9388F2E1BD2C8D800818C63 /* Release */,
			);
			defaultConfigurationIsVisible = 0;
			defaultConfigurationName = Release;
		};
		C9388F2F1BD2C8D800818C63 /* Build configuration list for PBXNativeTarget "irodori-swiftTests" */ = {
			isa = XCConfigurationList;
			buildConfigurations = (
				C9388F301BD2C8D800818C63 /* Debug */,
				C9388F311BD2C8D800818C63 /* Release */,
			);
			defaultConfigurationIsVisible = 0;
			defaultConfigurationName = Release;
		};
		C9388F321BD2C8D800818C63 /* Build configuration list for PBXNativeTarget "irodori-swiftUITests" */ = {
			isa = XCConfigurationList;
			buildConfigurations = (
				C9388F331BD2C8D800818C63 /* Debug */,
				C9388F341BD2C8D800818C63 /* Release */,
			);
			defaultConfigurationIsVisible = 0;
			defaultConfigurationName = Release;
		};
/* End XCConfigurationList section */

/* Begin XCVersionGroup section */
		C9388F0B1BD2C8D800818C63 /* irodori_swift.xcdatamodeld */ = {
			isa = XCVersionGroup;
			children = (
				C9388F0C1BD2C8D800818C63 /* irodori_swift.xcdatamodel */,
			);
			currentVersion = C9388F0C1BD2C8D800818C63 /* irodori_swift.xcdatamodel */;
			path = irodori_swift.xcdatamodeld;
			sourceTree = "<group>";
			versionGroupType = wrapper.xcdatamodel;
		};
/* End XCVersionGroup section */
	};
	rootObject = C9388EF91BD2C8D800818C63 /* Project object */;
}
